
Microsoft Visual Studio Solution File, Format Version 12.00
# Visual Studio Version 17
VisualStudioVersion = 17.11.35303.130
MinimumVisualStudioVersion = 10.0.40219.1
Project("{FAE04EC0-301F-11D3-BF4B-00C04F79EFBC}") = "AgateProject", "AgateProject.csproj", "{2B2817ED-02B0-450E-9E4C-0B79EA4B3848}"
EndProject
Global
	GlobalSection(SolutionConfigurationPlatforms) = preSolution
		Debug|Any CPU = Debug|Any CPU
		Release|Any CPU = Release|Any CPU
	EndGlobalSection
	GlobalSection(ProjectConfigurationPlatforms) = postSolution
		{2B2817ED-02B0-450E-9E4C-0B79EA4B3848}.Debug|Any CPU.ActiveCfg = Debug|Any CPU
		{2B2817ED-02B0-450E-9E4C-0B79EA4B3848}.Debug|Any CPU.Build.0 = Debug|Any CPU
		{2B2817ED-02B0-450E-9E4C-0B79EA4B3848}.Release|Any CPU.ActiveCfg = Release|Any CPU
		{2B2817ED-02B0-450E-9E4C-0B79EA4B3848}.Release|Any CPU.Build.0 = Release|Any CPU
	EndGlobalSection
	GlobalSection(SolutionProperties) = preSolution
		HideSolutionNode = FALSE
	EndGlobalSection
	GlobalSection(ExtensibilityGlobals) = postSolution
		SolutionGuid = {148B02F7-04C0-422F-92BE-23359DBDBED2}
	EndGlobalSection
EndGlobal
